// !$*UTF8*$!
{
	archiveVersion = 1;
	classes = {
	};
	objectVersion = 50;
	objects = {

/* Begin PBXBuildFile section */
		9E8A7AC327A994D900E4492F /* AppDelegate.swift in Sources */ = {isa = PBXBuildFile; fileRef = 9E8A7AC227A994D900E4492F /* AppDelegate.swift */; };
		9E8A7AC527A994D900E4492F /* SceneDelegate.swift in Sources */ = {isa = PBXBuildFile; fileRef = 9E8A7AC427A994D900E4492F /* SceneDelegate.swift */; };
		9E8A7AC727A994D900E4492F /* ViewController.swift in Sources */ = {isa = PBXBuildFile; fileRef = 9E8A7AC627A994D900E4492F /* ViewController.swift */; };
		9E8A7ACA27A994D900E4492F /* Main.storyboard in Resources */ = {isa = PBXBuildFile; fileRef = 9E8A7AC827A994D900E4492F /* Main.storyboard */; };
		9E8A7ACC27A994EB00E4492F /* Assets.xcassets in Resources */ = {isa = PBXBuildFile; fileRef = 9E8A7ACB27A994EB00E4492F /* Assets.xcassets */; };
		9E8A7ACF27A994EB00E4492F /* LaunchScreen.storyboard in Resources */ = {isa = PBXBuildFile; fileRef = 9E8A7ACD27A994EB00E4492F /* LaunchScreen.storyboard */; };
		9E8A7ADA27A994EC00E4492F /* URLTests.swift in Sources */ = {isa = PBXBuildFile; fileRef = 9E8A7AD927A994EC00E4492F /* URLTests.swift */; };
		9E8A7AE527A994EC00E4492F /* URLUITests.swift in Sources */ = {isa = PBXBuildFile; fileRef = 9E8A7AE427A994EC00E4492F /* URLUITests.swift */; };
/* End PBXBuildFile section */

/* Begin PBXContainerItemProxy section */
		9E8A7AD627A994EC00E4492F /* PBXContainerItemProxy */ = {
			isa = PBXContainerItemProxy;
			containerPortal = 9E8A7AB727A994D900E4492F /* Project object */;
			proxyType = 1;
			remoteGlobalIDString = 9E8A7ABE27A994D900E4492F;
			remoteInfo = URL;
		};
		9E8A7AE127A994EC00E4492F /* PBXContainerItemProxy */ = {
			isa = PBXContainerItemProxy;
			containerPortal = 9E8A7AB727A994D900E4492F /* Project object */;
			proxyType = 1;
			remoteGlobalIDString = 9E8A7ABE27A994D900E4492F;
			remoteInfo = URL;
		};
/* End PBXContainerItemProxy section */

/* Begin PBXFileReference section */
		9E8A7ABF27A994D900E4492F /* URL.app */ = {isa = PBXFileReference; explicitFileType = wrapper.application; includeInIndex = 0; path = URL.app; sourceTree = BUILT_PRODUCTS_DIR; };
		9E8A7AC227A994D900E4492F /* AppDelegate.swift */ = {isa = PBXFileReference; lastKnownFileType = sourcecode.swift; path = AppDelegate.swift; sourceTree = "<group>"; };
		9E8A7AC427A994D900E4492F /* SceneDelegate.swift */ = {isa = PBXFileReference; lastKnownFileType = sourcecode.swift; path = SceneDelegate.swift; sourceTree = "<group>"; };
		9E8A7AC627A994D900E4492F /* ViewController.swift */ = {isa = PBXFileReference; lastKnownFileType = sourcecode.swift; path = ViewController.swift; sourceTree = "<group>"; };
		9E8A7AC927A994D900E4492F /* Base */ = {isa = PBXFileReference; lastKnownFileType = file.storyboard; name = Base; path = Base.lproj/Main.storyboard; sourceTree = "<group>"; };
		9E8A7ACB27A994EB00E4492F /* Assets.xcassets */ = {isa = PBXFileReference; lastKnownFileType = folder.assetcatalog; path = Assets.xcassets; sourceTree = "<group>"; };
		9E8A7ACE27A994EB00E4492F /* Base */ = {isa = PBXFileReference; lastKnownFileType = file.storyboard; name = Base; path = Base.lproj/LaunchScreen.storyboard; sourceTree = "<group>"; };
		9E8A7AD027A994EB00E4492F /* Info.plist */ = {isa = PBXFileReference; lastKnownFileType = text.plist.xml; path = Info.plist; sourceTree = "<group>"; };
		9E8A7AD527A994EC00E4492F /* URLTests.xctest */ = {isa = PBXFileReference; explicitFileType = wrapper.cfbundle; includeInIndex = 0; path = URLTests.xctest; sourceTree = BUILT_PRODUCTS_DIR; };
		9E8A7AD927A994EC00E4492F /* URLTests.swift */ = {isa = PBXFileReference; lastKnownFileType = sourcecode.swift; path = URLTests.swift; sourceTree = "<group>"; };
		9E8A7ADB27A994EC00E4492F /* Info.plist */ = {isa = PBXFileReference; lastKnownFileType = text.plist.xml; path = Info.plist; sourceTree = "<group>"; };
		9E8A7AE027A994EC00E4492F /* URLUITests.xctest */ = {isa = PBXFileReference; explicitFileType = wrapper.cfbundle; includeInIndex = 0; path = URLUITests.xctest; sourceTree = BUILT_PRODUCTS_DIR; };
		9E8A7AE427A994EC00E4492F /* URLUITests.swift */ = {isa = PBXFileReference; lastKnownFileType = sourcecode.swift; path = URLUITests.swift; sourceTree = "<group>"; };
		9E8A7AE627A994EC00E4492F /* Info.plist */ = {isa = PBXFileReference; lastKnownFileType = text.plist.xml; path = Info.plist; sourceTree = "<group>"; };
/* End PBXFileReference section */

/* Begin PBXFrameworksBuildPhase section */
		9E8A7ABC27A994D900E4492F /* Frameworks */ = {
			isa = PBXFrameworksBuildPhase;
			buildActionMask = 2147483647;
			files = (
			);
			runOnlyForDeploymentPostprocessing = 0;
		};
		9E8A7AD227A994EC00E4492F /* Frameworks */ = {
			isa = PBXFrameworksBuildPhase;
			buildActionMask = 2147483647;
			files = (
			);
			runOnlyForDeploymentPostprocessing = 0;
		};
		9E8A7ADD27A994EC00E4492F /* Frameworks */ = {
			isa = PBXFrameworksBuildPhase;
			buildActionMask = 2147483647;
			files = (
			);
			runOnlyForDeploymentPostprocessing = 0;
		};
/* End PBXFrameworksBuildPhase section */

/* Begin PBXGroup section */
		9E8A7AB627A994D900E4492F = {
			isa = PBXGroup;
			children = (
				9E8A7AC127A994D900E4492F /* URL */,
				9E8A7AD827A994EC00E4492F /* URLTests */,
				9E8A7AE327A994EC00E4492F /* URLUITests */,
				9E8A7AC027A994D900E4492F /* Products */,
			);
			sourceTree = "<group>";
		};
		9E8A7AC027A994D900E4492F /* Products */ = {
			isa = PBXGroup;
			children = (
				9E8A7ABF27A994D900E4492F /* URL.app */,
				9E8A7AD527A994EC00E4492F /* URLTests.xctest */,
				9E8A7AE027A994EC00E4492F /* URLUITests.xctest */,
			);
			name = Products;
			sourceTree = "<group>";
		};
		9E8A7AC127A994D900E4492F /* URL */ = {
			isa = PBXGroup;
			children = (
				9E8A7AC227A994D900E4492F /* AppDelegate.swift */,
				9E8A7AC427A994D900E4492F /* SceneDelegate.swift */,
				9E8A7AC627A994D900E4492F /* ViewController.swift */,
				9E8A7AC827A994D900E4492F /* Main.storyboard */,
				9E8A7ACB27A994EB00E4492F /* Assets.xcassets */,
				9E8A7ACD27A994EB00E4492F /* LaunchScreen.storyboard */,
				9E8A7AD027A994EB00E4492F /* Info.plist */,
			);
			path = URL;
			sourceTree = "<group>";
		};
		9E8A7AD827A994EC00E4492F /* URLTests */ = {
			isa = PBXGroup;
			children = (
				9E8A7AD927A994EC00E4492F /* URLTests.swift */,
				9E8A7ADB27A994EC00E4492F /* Info.plist */,
			);
			path = URLTests;
			sourceTree = "<group>";
		};
		9E8A7AE327A994EC00E4492F /* URLUITests */ = {
			isa = PBXGroup;
			children = (
				9E8A7AE427A994EC00E4492F /* URLUITests.swift */,
				9E8A7AE627A994EC00E4492F /* Info.plist */,
			);
			path = URLUITests;
			sourceTree = "<group>";
		};
/* End PBXGroup section */

/* Begin PBXNativeTarget section */
		9E8A7ABE27A994D900E4492F /* URL */ = {
			isa = PBXNativeTarget;
			buildConfigurationList = 9E8A7AE927A994EC00E4492F /* Build configuration list for PBXNativeTarget "URL" */;
			buildPhases = (
				9E8A7ABB27A994D900E4492F /* Sources */,
				9E8A7ABC27A994D900E4492F /* Frameworks */,
				9E8A7ABD27A994D900E4492F /* Resources */,
			);
			buildRules = (
			);
			dependencies = (
			);
			name = URL;
			productName = URL;
			productReference = 9E8A7ABF27A994D900E4492F /* URL.app */;
			productType = "com.apple.product-type.application";
		};
		9E8A7AD427A994EC00E4492F /* URLTests */ = {
			isa = PBXNativeTarget;
			buildConfigurationList = 9E8A7AEC27A994EC00E4492F /* Build configuration list for PBXNativeTarget "URLTests" */;
			buildPhases = (
				9E8A7AD127A994EC00E4492F /* Sources */,
				9E8A7AD227A994EC00E4492F /* Frameworks */,
				9E8A7AD327A994EC00E4492F /* Resources */,
			);
			buildRules = (
			);
			dependencies = (
				9E8A7AD727A994EC00E4492F /* PBXTargetDependency */,
			);
			name = URLTests;
			productName = URLTests;
			productReference = 9E8A7AD527A994EC00E4492F /* URLTests.xctest */;
			productType = "com.apple.product-type.bundle.unit-test";
		};
		9E8A7ADF27A994EC00E4492F /* URLUITests */ = {
			isa = PBXNativeTarget;
			buildConfigurationList = 9E8A7AEF27A994EC00E4492F /* Build configuration list for PBXNativeTarget "URLUITests" */;
			buildPhases = (
				9E8A7ADC27A994EC00E4492F /* Sources */,
				9E8A7ADD27A994EC00E4492F /* Frameworks */,
				9E8A7ADE27A994EC00E4492F /* Resources */,
			);
			buildRules = (
			);
			dependencies = (
				9E8A7AE227A994EC00E4492F /* PBXTargetDependency */,
			);
			name = URLUITests;
			productName = URLUITests;
			productReference = 9E8A7AE027A994EC00E4492F /* URLUITests.xctest */;
			productType = "com.apple.product-type.bundle.ui-testing";
		};
/* End PBXNativeTarget section */

/* Begin PBXProject section */
		9E8A7AB727A994D900E4492F /* Project object */ = {
			isa = PBXProject;
			attributes = {
				LastSwiftUpdateCheck = 1170;
				LastUpgradeCheck = 1170;
				ORGANIZATIONNAME = "Олександр Літвінчук";
				TargetAttributes = {
					9E8A7ABE27A994D900E4492F = {
						CreatedOnToolsVersion = 11.7;
					};
					9E8A7AD427A994EC00E4492F = {
						CreatedOnToolsVersion = 11.7;
						TestTargetID = 9E8A7ABE27A994D900E4492F;
					};
					9E8A7ADF27A994EC00E4492F = {
						CreatedOnToolsVersion = 11.7;
						TestTargetID = 9E8A7ABE27A994D900E4492F;
					};
				};
			};
			buildConfigurationList = 9E8A7ABA27A994D900E4492F /* Build configuration list for PBXProject "URL" */;
			compatibilityVersion = "Xcode 9.3";
			developmentRegion = en;
			hasScannedForEncodings = 0;
			knownRegions = (
				en,
				Base,
			);
			mainGroup = 9E8A7AB627A994D900E4492F;
			productRefGroup = 9E8A7AC027A994D900E4492F /* Products */;
			projectDirPath = "";
			projectRoot = "";
			targets = (
				9E8A7ABE27A994D900E4492F /* URL */,
				9E8A7AD427A994EC00E4492F /* URLTests */,
				9E8A7ADF27A994EC00E4492F /* URLUITests */,
			);
		};
/* End PBXProject section */

/* Begin PBXResourcesBuildPhase section */
		9E8A7ABD27A994D900E4492F /* Resources */ = {
			isa = PBXResourcesBuildPhase;
			buildActionMask = 2147483647;
			files = (
				9E8A7ACF27A994EB00E4492F /* LaunchScreen.storyboard in Resources */,
				9E8A7ACC27A994EB00E4492F /* Assets.xcassets in Resources */,
				9E8A7ACA27A994D900E4492F /* Main.storyboard in Resources */,
			);
			runOnlyForDeploymentPostprocessing = 0;
		};
		9E8A7AD327A994EC00E4492F /* Resources */ = {
			isa = PBXResourcesBuildPhase;
			buildActionMask = 2147483647;
			files = (
			);
			runOnlyForDeploymentPostprocessing = 0;
		};
		9E8A7ADE27A994EC00E4492F /* Resources */ = {
			isa = PBXResourcesBuildPhase;
			buildActionMask = 2147483647;
			files = (
			);
			runOnlyForDeploymentPostprocessing = 0;
		};
/* End PBXResourcesBuildPhase section */

/* Begin PBXSourcesBuildPhase section */
		9E8A7ABB27A994D900E4492F /* Sources */ = {
			isa = PBXSourcesBuildPhase;
			buildActionMask = 2147483647;
			files = (
				9E8A7AC727A994D900E4492F /* ViewController.swift in Sources */,
				9E8A7AC327A994D900E4492F /* AppDelegate.swift in Sources */,
				9E8A7AC527A994D900E4492F /* SceneDelegate.swift in Sources */,
			);
			runOnlyForDeploymentPostprocessing = 0;
		};
		9E8A7AD127A994EC00E4492F /* Sources */ = {
			isa = PBXSourcesBuildPhase;
			buildActionMask = 2147483647;
			files = (
				9E8A7ADA27A994EC00E4492F /* URLTests.swift in Sources */,
			);
			runOnlyForDeploymentPostprocessing = 0;
		};
		9E8A7ADC27A994EC00E4492F /* Sources */ = {
			isa = PBXSourcesBuildPhase;
			buildActionMask = 2147483647;
			files = (
				9E8A7AE527A994EC00E4492F /* URLUITests.swift in Sources */,
			);
			runOnlyForDeploymentPostprocessing = 0;
		};
/* End PBXSourcesBuildPhase section */

/* Begin PBXTargetDependency section */
		9E8A7AD727A994EC00E4492F /* PBXTargetDependency */ = {
			isa = PBXTargetDependency;
			target = 9E8A7ABE27A994D900E4492F /* URL */;
			targetProxy = 9E8A7AD627A994EC00E4492F /* PBXContainerItemProxy */;
		};
		9E8A7AE227A994EC00E4492F /* PBXTargetDependency */ = {
			isa = PBXTargetDependency;
			target = 9E8A7ABE27A994D900E4492F /* URL */;
			targetProxy = 9E8A7AE127A994EC00E4492F /* PBXContainerItemProxy */;
		};
/* End PBXTargetDependency section */

/* Begin PBXVariantGroup section */
		9E8A7AC827A994D900E4492F /* Main.storyboard */ = {
			isa = PBXVariantGroup;
			children = (
				9E8A7AC927A994D900E4492F /* Base */,
			);
			name = Main.storyboard;
			sourceTree = "<group>";
		};
		9E8A7ACD27A994EB00E4492F /* LaunchScreen.storyboard */ = {
			isa = PBXVariantGroup;
			children = (
				9E8A7ACE27A994EB00E4492F /* Base */,
			);
			name = LaunchScreen.storyboard;
			sourceTree = "<group>";
		};
/* End PBXVariantGroup section */

/* Begin XCBuildConfiguration section */
		9E8A7AE727A994EC00E4492F /* Debug */ = {
			isa = XCBuildConfiguration;
			buildSettings = {
				ALWAYS_SEARCH_USER_PATHS = NO;
				CLANG_ANALYZER_NONNULL = YES;
				CLANG_ANALYZER_NUMBER_OBJECT_CONVERSION = YES_AGGRESSIVE;
				CLANG_CXX_LANGUAGE_STANDARD = "gnu++14";
				CLANG_CXX_LIBRARY = "libc++";
				CLANG_ENABLE_MODULES = YES;
				CLANG_ENABLE_OBJC_ARC = YES;
				CLANG_ENABLE_OBJC_WEAK = YES;
				CLANG_WARN_BLOCK_CAPTURE_AUTORELEASING = YES;
				CLANG_WARN_BOOL_CONVERSION = YES;
				CLANG_WARN_COMMA = YES;
				CLANG_WARN_CONSTANT_CONVERSION = YES;
				CLANG_WARN_DEPRECATED_OBJC_IMPLEMENTATIONS = YES;
				CLANG_WARN_DIRECT_OBJC_ISA_USAGE = YES_ERROR;
				CLANG_WARN_DOCUMENTATION_COMMENTS = YES;
				CLANG_WARN_EMPTY_BODY = YES;
				CLANG_WARN_ENUM_CONVERSION = YES;
				CLANG_WARN_INFINITE_RECURSION = YES;
				CLANG_WARN_INT_CONVERSION = YES;
				CLANG_WARN_NON_LITERAL_NULL_CONVERSION = YES;
				CLANG_WARN_OBJC_IMPLICIT_RETAIN_SELF = YES;
				CLANG_WARN_OBJC_LITERAL_CONVERSION = YES;
				CLANG_WARN_OBJC_ROOT_CLASS = YES_ERROR;
				CLANG_WARN_RANGE_LOOP_ANALYSIS = YES;
				CLANG_WARN_STRICT_PROTOTYPES = YES;
				CLANG_WARN_SUSPICIOUS_MOVE = YES;
				CLANG_WARN_UNGUARDED_AVAILABILITY = YES_AGGRESSIVE;
				CLANG_WARN_UNREACHABLE_CODE = YES;
				CLANG_WARN__DUPLICATE_METHOD_MATCH = YES;
				COPY_PHASE_STRIP = NO;
				DEBUG_INFORMATION_FORMAT = dwarf;
				ENABLE_STRICT_OBJC_MSGSEND = YES;
				ENABLE_TESTABILITY = YES;
				GCC_C_LANGUAGE_STANDARD = gnu11;
				GCC_DYNAMIC_NO_PIC = NO;
				GCC_NO_COMMON_BLOCKS = YES;
				GCC_OPTIMIZATION_LEVEL = 0;
				GCC_PREPROCESSOR_DEFINITIONS = (
					"DEBUG=1",
					"$(inherited)",
				);
				GCC_WARN_64_TO_32_BIT_CONVERSION = YES;
				GCC_WARN_ABOUT_RETURN_TYPE = YES_ERROR;
				GCC_WARN_UNDECLARED_SELECTOR = YES;
				GCC_WARN_UNINITIALIZED_AUTOS = YES_AGGRESSIVE;
				GCC_WARN_UNUSED_FUNCTION = YES;
				GCC_WARN_UNUSED_VARIABLE = YES;
				IPHONEOS_DEPLOYMENT_TARGET = 13.7;
				MTL_ENABLE_DEBUG_INFO = INCLUDE_SOURCE;
				MTL_FAST_MATH = YES;
				ONLY_ACTIVE_ARCH = YES;
				SDKROOT = iphoneos;
				SWIFT_ACTIVE_COMPILATION_CONDITIONS = DEBUG;
				SWIFT_OPTIMIZATION_LEVEL = "-Onone";
			};
			name = Debug;
		};
		9E8A7AE827A994EC00E4492F /* Release */ = {
			isa = XCBuildConfiguration;
			buildSettings = {
				ALWAYS_SEARCH_USER_PATHS = NO;
				CLANG_ANALYZER_NONNULL = YES;
				CLANG_ANALYZER_NUMBER_OBJECT_CONVERSION = YES_AGGRESSIVE;
				CLANG_CXX_LANGUAGE_STANDARD = "gnu++14";
				CLANG_CXX_LIBRARY = "libc++";
				CLANG_ENABLE_MODULES = YES;
				CLANG_ENABLE_OBJC_ARC = YES;
				CLANG_ENABLE_OBJC_WEAK = YES;
				CLANG_WARN_BLOCK_CAPTURE_AUTORELEASING = YES;
				CLANG_WARN_BOOL_CONVERSION = YES;
				CLANG_WARN_COMMA = YES;
				CLANG_WARN_CONSTANT_CONVERSION = YES;
				CLANG_WARN_DEPRECATED_OBJC_IMPLEMENTATIONS = YES;
				CLANG_WARN_DIRECT_OBJC_ISA_USAGE = YES_ERROR;
				CLANG_WARN_DOCUMENTATION_COMMENTS = YES;
				CLANG_WARN_EMPTY_BODY = YES;
				CLANG_WARN_ENUM_CONVERSION = YES;
				CLANG_WARN_INFINITE_RECURSION = YES;
				CLANG_WARN_INT_CONVERSION = YES;
				CLANG_WARN_NON_LITERAL_NULL_CONVERSION = YES;
				CLANG_WARN_OBJC_IMPLICIT_RETAIN_SELF = YES;
				CLANG_WARN_OBJC_LITERAL_CONVERSION = YES;
				CLANG_WARN_OBJC_ROOT_CLASS = YES_ERROR;
				CLANG_WARN_RANGE_LOOP_ANALYSIS = YES;
				CLANG_WARN_STRICT_PROTOTYPES = YES;
				CLANG_WARN_SUSPICIOUS_MOVE = YES;
				CLANG_WARN_UNGUARDED_AVAILABILITY = YES_AGGRESSIVE;
				CLANG_WARN_UNREACHABLE_CODE = YES;
				CLANG_WARN__DUPLICATE_METHOD_MATCH = YES;
				COPY_PHASE_STRIP = NO;
				DEBUG_INFORMATION_FORMAT = "dwarf-with-dsym";
				ENABLE_NS_ASSERTIONS = NO;
				ENABLE_STRICT_OBJC_MSGSEND = YES;
				GCC_C_LANGUAGE_STANDARD = gnu11;
				GCC_NO_COMMON_BLOCKS = YES;
				GCC_WARN_64_TO_32_BIT_CONVERSION = YES;
				GCC_WARN_ABOUT_RETURN_TYPE = YES_ERROR;
				GCC_WARN_UNDECLARED_SELECTOR = YES;
				GCC_WARN_UNINITIALIZED_AUTOS = YES_AGGRESSIVE;
				GCC_WARN_UNUSED_FUNCTION = YES;
				GCC_WARN_UNUSED_VARIABLE = YES;
				IPHONEOS_DEPLOYMENT_TARGET = 13.7;
				MTL_ENABLE_DEBUG_INFO = NO;
				MTL_FAST_MATH = YES;
				SDKROOT = iphoneos;
				SWIFT_COMPILATION_MODE = wholemodule;
				SWIFT_OPTIMIZATION_LEVEL = "-O";
				VALIDATE_PRODUCT = YES;
			};
			name = Release;
		};
		9E8A7AEA27A994EC00E4492F /* Debug */ = {
			isa = XCBuildConfiguration;
			buildSettings = {
				ASSETCATALOG_COMPILER_APPICON_NAME = AppIcon;
				CODE_SIGN_STYLE = Automatic;
				INFOPLIST_FILE = URL/Info.plist;
				LD_RUNPATH_SEARCH_PATHS = (
					"$(inherited)",
					"@executable_path/Frameworks",
				);
				PRODUCT_BUNDLE_IDENTIFIER = my.URL;
				PRODUCT_NAME = "$(TARGET_NAME)";
				SWIFT_VERSION = 5.0;
				TARGETED_DEVICE_FAMILY = "1,2";
			};
			name = Debug;
		};
		9E8A7AEB27A994EC00E4492F /* Release */ = {
			isa = XCBuildConfiguration;
			buildSettings = {
				ASSETCATALOG_COMPILER_APPICON_NAME = AppIcon;
				CODE_SIGN_STYLE = Automatic;
				INFOPLIST_FILE = URL/Info.plist;
				LD_RUNPATH_SEARCH_PATHS = (
					"$(inherited)",
					"@executable_path/Frameworks",
				);
				PRODUCT_BUNDLE_IDENTIFIER = my.URL;
				PRODUCT_NAME = "$(TARGET_NAME)";
				SWIFT_VERSION = 5.0;
				TARGETED_DEVICE_FAMILY = "1,2";
			};
			name = Release;
		};
		9E8A7AED27A994EC00E4492F /* Debug */ = {
			isa = XCBuildConfiguration;
			buildSettings = {
				ALWAYS_EMBED_SWIFT_STANDARD_LIBRARIES = YES;
				BUNDLE_LOADER = "$(TEST_HOST)";
				CODE_SIGN_STYLE = Automatic;
				INFOPLIST_FILE = URLTests/Info.plist;
				IPHONEOS_DEPLOYMENT_TARGET = 13.7;
				LD_RUNPATH_SEARCH_PATHS = (
					"$(inherited)",
					"@executable_path/Frameworks",
					"@loader_path/Frameworks",
				);
				PRODUCT_BUNDLE_IDENTIFIER = my.URLTests;
				PRODUCT_NAME = "$(TARGET_NAME)";
				SWIFT_VERSION = 5.0;
				TARGETED_DEVICE_FAMILY = "1,2";
				TEST_HOST = "$(BUILT_PRODUCTS_DIR)/URL.app/URL";
			};
			name = Debug;
		};
		9E8A7AEE27A994EC00E4492F /* Release */ = {
			isa = XCBuildConfiguration;
			buildSettings = {
				ALWAYS_EMBED_SWIFT_STANDARD_LIBRARIES = YES;
				BUNDLE_LOADER = "$(TEST_HOST)";
				CODE_SIGN_STYLE = Automatic;
				INFOPLIST_FILE = URLTests/Info.plist;
				IPHONEOS_DEPLOYMENT_TARGET = 13.7;
				LD_RUNPATH_SEARCH_PATHS = (
					"$(inherited)",
					"@executable_path/Frameworks",
					"@loader_path/Frameworks",
				);
				PRODUCT_BUNDLE_IDENTIFIER = my.URLTests;
				PRODUCT_NAME = "$(TARGET_NAME)";
				SWIFT_VERSION = 5.0;
				TARGETED_DEVICE_FAMILY = "1,2";
				TEST_HOST = "$(BUILT_PRODUCTS_DIR)/URL.app/URL";
			};
			name = Release;
		};
		9E8A7AF027A994EC00E4492F /* Debug */ = {
			isa = XCBuildConfiguration;
			buildSettings = {
				ALWAYS_EMBED_SWIFT_STANDARD_LIBRARIES = YES;
				CODE_SIGN_STYLE = Automatic;
				INFOPLIST_FILE = URLUITests/Info.plist;
				LD_RUNPATH_SEARCH_PATHS = (
					"$(inherited)",
					"@executable_path/Frameworks",
					"@loader_path/Frameworks",
				);
				PRODUCT_BUNDLE_IDENTIFIER = my.URLUITests;
				PRODUCT_NAME = "$(TARGET_NAME)";
				SWIFT_VERSION = 5.0;
				TARGETED_DEVICE_FAMILY = "1,2";
				TEST_TARGET_NAME = URL;
			};
			name = Debug;
		};
		9E8A7AF127A994EC00E4492F /* Release */ = {
			isa = XCBuildConfiguration;
			buildSettings = {
				ALWAYS_EMBED_SWIFT_STANDARD_LIBRARIES = YES;
				CODE_SIGN_STYLE = Automatic;
				INFOPLIST_FILE = URLUITests/Info.plist;
				LD_RUNPATH_SEARCH_PATHS = (
					"$(inherited)",
					"@executable_path/Frameworks",
					"@loader_path/Frameworks",
				);
				PRODUCT_BUNDLE_IDENTIFIER = my.URLUITests;
				PRODUCT_NAME = "$(TARGET_NAME)";
				SWIFT_VERSION = 5.0;
				TARGETED_DEVICE_FAMILY = "1,2";
				TEST_TARGET_NAME = URL;
			};
			name = Release;
		};
/* End XCBuildConfiguration section */

/* Begin XCConfigurationList section */
		9E8A7ABA27A994D900E4492F /* Build configuration list for PBXProject "URL" */ = {
			isa = XCConfigurationList;
			buildConfigurations = (
				9E8A7AE727A994EC00E4492F /* Debug */,
				9E8A7AE827A994EC00E4492F /* Release */,
			);
			defaultConfigurationIsVisible = 0;
			defaultConfigurationName = Release;
		};
		9E8A7AE927A994EC00E4492F /* Build configuration list for PBXNativeTarget "URL" */ = {
			isa = XCConfigurationList;
			buildConfigurations = (
				9E8A7AEA27A994EC00E4492F /* Debug */,
				9E8A7AEB27A994EC00E4492F /* Release */,
			);
			defaultConfigurationIsVisible = 0;
			defaultConfigurationName = Release;
		};
		9E8A7AEC27A994EC00E4492F /* Build configuration list for PBXNativeTarget "URLTests" */ = {
			isa = XCConfigurationList;
			buildConfigurations = (
				9E8A7AED27A994EC00E4492F /* Debug */,
				9E8A7AEE27A994EC00E4492F /* Release */,
			);
			defaultConfigurationIsVisible = 0;
			defaultConfigurationName = Release;
		};
		9E8A7AEF27A994EC00E4492F /* Build configuration list for PBXNativeTarget "URLUITests" */ = {
			isa = XCConfigurationList;
			buildConfigurations = (
				9E8A7AF027A994EC00E4492F /* Debug */,
				9E8A7AF127A994EC00E4492F /* Release */,
			);
			defaultConfigurationIsVisible = 0;
			defaultConfigurationName = Release;
		};
/* End XCConfigurationList section */
	};
	rootObject = 9E8A7AB727A994D900E4492F /* Project object */;
}
